
Microsoft Visual Studio Solution File, Format Version 12.00
# Visual Studio Version 16
VisualStudioVersion = 16.0.29613.14
MinimumVisualStudioVersion = 10.0.40219.1
Project("{FAE04EC0-301F-11D3-BF4B-00C04F79EFBC}") = "DBA Simulation App", "DBA_Simulation_App\DBA Simulation App.csproj", "{1480A9C7-61FA-423E-A3D9-AE6BF2BF8346}"
EndProject
Project("{FAE04EC0-301F-11D3-BF4B-00C04F79EFBC}") = "DBASimulationApp.Tests", "DBASimulationApp.Tests\DBASimulationApp.Tests.csproj", "{C357DFA3-96ED-4A4E-85A0-0736076DEE01}"
EndProject
Project("{9A19103F-16F7-4668-BE54-9A1E7A4F7556}") = "DBA_Simulation_App_AutomationTests", "DBA_Simulation_App_AutomationTests\DBA_Simulation_App_AutomationTests.csproj", "{8588D15B-3D7F-45BB-AE83-F07740E3B543}"
EndProject
Project("{FAE04EC0-301F-11D3-BF4B-00C04F79EFBC}") = "Business Analytics Library", "Business_Analytics_Library\Business Analytics Library.csproj", "{3A03BA90-07AA-46FF-9685-477DABB0F95B}"
EndProject
Project("{FAE04EC0-301F-11D3-BF4B-00C04F79EFBC}") = "Business Analytics Library Tests", "Business Analytics Library Tests\Business Analytics Library Tests.csproj", "{F886F33D-3A95-45C5-BACC-867FA46622B4}"
EndProject
Global
	GlobalSection(SolutionConfigurationPlatforms) = preSolution
		Debug|Any CPU = Debug|Any CPU
		Dev|Any CPU = Dev|Any CPU
		Prod|Any CPU = Prod|Any CPU
		QA|Any CPU = QA|Any CPU
		Release|Any CPU = Release|Any CPU
	EndGlobalSection
	GlobalSection(ProjectConfigurationPlatforms) = postSolution
		{1480A9C7-61FA-423E-A3D9-AE6BF2BF8346}.Debug|Any CPU.ActiveCfg = Debug|Any CPU
		{1480A9C7-61FA-423E-A3D9-AE6BF2BF8346}.Debug|Any CPU.Build.0 = Debug|Any CPU
		{1480A9C7-61FA-423E-A3D9-AE6BF2BF8346}.Dev|Any CPU.ActiveCfg = Dev|Any CPU
		{1480A9C7-61FA-423E-A3D9-AE6BF2BF8346}.Dev|Any CPU.Build.0 = Dev|Any CPU
		{1480A9C7-61FA-423E-A3D9-AE6BF2BF8346}.Prod|Any CPU.ActiveCfg = Release|Any CPU
		{1480A9C7-61FA-423E-A3D9-AE6BF2BF8346}.Prod|Any CPU.Build.0 = Release|Any CPU
		{1480A9C7-61FA-423E-A3D9-AE6BF2BF8346}.QA|Any CPU.ActiveCfg = QA|Any CPU
		{1480A9C7-61FA-423E-A3D9-AE6BF2BF8346}.QA|Any CPU.Build.0 = QA|Any CPU
		{1480A9C7-61FA-423E-A3D9-AE6BF2BF8346}.Release|Any CPU.ActiveCfg = Release|Any CPU
		{1480A9C7-61FA-423E-A3D9-AE6BF2BF8346}.Release|Any CPU.Build.0 = Release|Any CPU
		{C357DFA3-96ED-4A4E-85A0-0736076DEE01}.Debug|Any CPU.ActiveCfg = Debug|Any CPU
		{C357DFA3-96ED-4A4E-85A0-0736076DEE01}.Debug|Any CPU.Build.0 = Debug|Any CPU
		{C357DFA3-96ED-4A4E-85A0-0736076DEE01}.Dev|Any CPU.ActiveCfg = Dev|Any CPU
		{C357DFA3-96ED-4A4E-85A0-0736076DEE01}.Dev|Any CPU.Build.0 = Dev|Any CPU
		{C357DFA3-96ED-4A4E-85A0-0736076DEE01}.Prod|Any CPU.ActiveCfg = Release|Any CPU
		{C357DFA3-96ED-4A4E-85A0-0736076DEE01}.Prod|Any CPU.Build.0 = Release|Any CPU
		{C357DFA3-96ED-4A4E-85A0-0736076DEE01}.QA|Any CPU.ActiveCfg = QA|Any CPU
		{C357DFA3-96ED-4A4E-85A0-0736076DEE01}.QA|Any CPU.Build.0 = QA|Any CPU
		{C357DFA3-96ED-4A4E-85A0-0736076DEE01}.Release|Any CPU.ActiveCfg = Release|Any CPU
		{C357DFA3-96ED-4A4E-85A0-0736076DEE01}.Release|Any CPU.Build.0 = Release|Any CPU
		{8588D15B-3D7F-45BB-AE83-F07740E3B543}.Debug|Any CPU.ActiveCfg = Debug|Any CPU
		{8588D15B-3D7F-45BB-AE83-F07740E3B543}.Debug|Any CPU.Build.0 = Debug|Any CPU
		{8588D15B-3D7F-45BB-AE83-F07740E3B543}.Dev|Any CPU.ActiveCfg = Debug|Any CPU
		{8588D15B-3D7F-45BB-AE83-F07740E3B543}.Dev|Any CPU.Build.0 = Debug|Any CPU
		{8588D15B-3D7F-45BB-AE83-F07740E3B543}.Prod|Any CPU.ActiveCfg = Debug|Any CPU
		{8588D15B-3D7F-45BB-AE83-F07740E3B543}.Prod|Any CPU.Build.0 = Debug|Any CPU
		{8588D15B-3D7F-45BB-AE83-F07740E3B543}.QA|Any CPU.ActiveCfg = Debug|Any CPU
		{8588D15B-3D7F-45BB-AE83-F07740E3B543}.QA|Any CPU.Build.0 = Debug|Any CPU
		{8588D15B-3D7F-45BB-AE83-F07740E3B543}.Release|Any CPU.ActiveCfg = Release|Any CPU
		{8588D15B-3D7F-45BB-AE83-F07740E3B543}.Release|Any CPU.Build.0 = Release|Any CPU
		{3A03BA90-07AA-46FF-9685-477DABB0F95B}.Debug|Any CPU.ActiveCfg = Debug|Any CPU
		{3A03BA90-07AA-46FF-9685-477DABB0F95B}.Debug|Any CPU.Build.0 = Debug|Any CPU
		{3A03BA90-07AA-46FF-9685-477DABB0F95B}.Dev|Any CPU.ActiveCfg = Debug|Any CPU
		{3A03BA90-07AA-46FF-9685-477DABB0F95B}.Dev|Any CPU.Build.0 = Debug|Any CPU
		{3A03BA90-07AA-46FF-9685-477DABB0F95B}.Prod|Any CPU.ActiveCfg = Debug|Any CPU
		{3A03BA90-07AA-46FF-9685-477DABB0F95B}.Prod|Any CPU.Build.0 = Debug|Any CPU
		{3A03BA90-07AA-46FF-9685-477DABB0F95B}.QA|Any CPU.ActiveCfg = QA|Any CPU
		{3A03BA90-07AA-46FF-9685-477DABB0F95B}.QA|Any CPU.Build.0 = QA|Any CPU
		{3A03BA90-07AA-46FF-9685-477DABB0F95B}.Release|Any CPU.ActiveCfg = Release|Any CPU
		{3A03BA90-07AA-46FF-9685-477DABB0F95B}.Release|Any CPU.Build.0 = Release|Any CPU
		{F886F33D-3A95-45C5-BACC-867FA46622B4}.Debug|Any CPU.ActiveCfg = Debug|Any CPU
		{F886F33D-3A95-45C5-BACC-867FA46622B4}.Debug|Any CPU.Build.0 = Debug|Any CPU
		{F886F33D-3A95-45C5-BACC-867FA46622B4}.Dev|Any CPU.ActiveCfg = Debug|Any CPU
		{F886F33D-3A95-45C5-BACC-867FA46622B4}.Dev|Any CPU.Build.0 = Debug|Any CPU
		{F886F33D-3A95-45C5-BACC-867FA46622B4}.Prod|Any CPU.ActiveCfg = Debug|Any CPU
		{F886F33D-3A95-45C5-BACC-867FA46622B4}.Prod|Any CPU.Build.0 = Debug|Any CPU
		{F886F33D-3A95-45C5-BACC-867FA46622B4}.QA|Any CPU.ActiveCfg = Debug|Any CPU
		{F886F33D-3A95-45C5-BACC-867FA46622B4}.QA|Any CPU.Build.0 = Debug|Any CPU
		{F886F33D-3A95-45C5-BACC-867FA46622B4}.Release|Any CPU.ActiveCfg = Release|Any CPU
		{F886F33D-3A95-45C5-BACC-867FA46622B4}.Release|Any CPU.Build.0 = Release|Any CPU
	EndGlobalSection
	GlobalSection(SolutionProperties) = preSolution
		HideSolutionNode = FALSE
	EndGlobalSection
	GlobalSection(ExtensibilityGlobals) = postSolution
		SolutionGuid = {34B0268C-3030-4C6F-BF3C-9C0E74D2D80E}
	EndGlobalSection
EndGlobal
