
Microsoft Visual Studio Solution File, Format Version 12.00
# Visual Studio Version 17
VisualStudioVersion = 17.14.36203.30 d17.14
MinimumVisualStudioVersion = 10.0.40219.1
Project("{FAE04EC0-301F-11D3-BF4B-00C04F79EFBC}") = "BusinessCompass", "BusinessCompass.csproj", "{23DBCCA8-1765-4D6D-B86D-497947B9DBDB}"
EndProject
Global
	GlobalSection(SolutionConfigurationPlatforms) = preSolution
		Debug|Any CPU = Debug|Any CPU
		Release|Any CPU = Release|Any CPU
	EndGlobalSection
	GlobalSection(ProjectConfigurationPlatforms) = postSolution
		{23DBCCA8-1765-4D6D-B86D-497947B9DBDB}.Debug|Any CPU.ActiveCfg = Debug|Any CPU
		{23DBCCA8-1765-4D6D-B86D-497947B9DBDB}.Debug|Any CPU.Build.0 = Debug|Any CPU
		{23DBCCA8-1765-4D6D-B86D-497947B9DBDB}.Release|Any CPU.ActiveCfg = Release|Any CPU
		{23DBCCA8-1765-4D6D-B86D-497947B9DBDB}.Release|Any CPU.Build.0 = Release|Any CPU
	EndGlobalSection
	GlobalSection(SolutionProperties) = preSolution
		HideSolutionNode = FALSE
	EndGlobalSection
	GlobalSection(ExtensibilityGlobals) = postSolution
		SolutionGuid = {B45F9A55-0CFA-4D36-8D28-69F555F701D4}
	EndGlobalSection
EndGlobal
